
Microsoft Visual Studio Solution File, Format Version 12.00
# Visual Studio 2012
Project("{FAE04EC0-301F-11D3-BF4B-00C04F79EFBC}") = "GeneticTesting", "GeneticTesting\GeneticTesting.csproj", "{93ABCFDD-8BF5-475C-8388-BB6EE4AF946C}"
EndProject
Global
	GlobalSection(SolutionConfigurationPlatforms) = preSolution
		Debug|Any CPU = Debug|Any CPU
		Release|Any CPU = Release|Any CPU
	EndGlobalSection
	GlobalSection(ProjectConfigurationPlatforms) = postSolution
		{93ABCFDD-8BF5-475C-8388-BB6EE4AF946C}.Debug|Any CPU.ActiveCfg = Debug|Any CPU
		{93ABCFDD-8BF5-475C-8388-BB6EE4AF946C}.Debug|Any CPU.Build.0 = Debug|Any CPU
		{93ABCFDD-8BF5-475C-8388-BB6EE4AF946C}.Release|Any CPU.ActiveCfg = Release|Any CPU
		{93ABCFDD-8BF5-475C-8388-BB6EE4AF946C}.Release|Any CPU.Build.0 = Release|Any CPU
	EndGlobalSection
	GlobalSection(SolutionProperties) = preSolution
		HideSolutionNode = FALSE
	EndGlobalSection
EndGlobal
